
Microsoft Visual Studio Solution File, Format Version 12.00
# Visual Studio 15
VisualStudioVersion = 15.0.27130.2010
MinimumVisualStudioVersion = 10.0.40219.1
Project("{9A19103F-16F7-4668-BE54-9A1E7A4F7556}") = "HackerRankCode", "HackerRankCode.csproj", "{B28FAC1D-6275-424A-80A1-8F6852D3519A}"
EndProject
Global
	GlobalSection(SolutionConfigurationPlatforms) = preSolution
		Debug|Any CPU = Debug|Any CPU
		Release|Any CPU = Release|Any CPU
	EndGlobalSection
	GlobalSection(ProjectConfigurationPlatforms) = postSolution
		{B28FAC1D-6275-424A-80A1-8F6852D3519A}.Debug|Any CPU.ActiveCfg = Debug|Any CPU
		{B28FAC1D-6275-424A-80A1-8F6852D3519A}.Debug|Any CPU.Build.0 = Debug|Any CPU
		{B28FAC1D-6275-424A-80A1-8F6852D3519A}.Release|Any CPU.ActiveCfg = Release|Any CPU
		{B28FAC1D-6275-424A-80A1-8F6852D3519A}.Release|Any CPU.Build.0 = Release|Any CPU
	EndGlobalSection
	GlobalSection(SolutionProperties) = preSolution
		HideSolutionNode = FALSE
	EndGlobalSection
	GlobalSection(ExtensibilityGlobals) = postSolution
		SolutionGuid = {B99796EF-DE2B-4710-ACFF-18C70D8F13F3}
	EndGlobalSection
EndGlobal
